
Microsoft Visual Studio Solution File, Format Version 12.00
# Visual Studio 14
VisualStudioVersion = 14.0.25420.1
MinimumVisualStudioVersion = 10.0.40219.1
Project("{FAE04EC0-301F-11D3-BF4B-00C04F79EFBC}") = "MVCSuper9pmBatch", "MVCSuper9pmBatch\MVCSuper9pmBatch.csproj", "{C3E83253-4BF4-4252-9943-0470FC822E89}"
EndProject
Project("{FAE04EC0-301F-11D3-BF4B-00C04F79EFBC}") = "AdonetExample", "AdonetExample\AdonetExample.csproj", "{93A04601-3BC6-4E7E-BA33-2222A9EA875C}"
EndProject
Project("{FAE04EC0-301F-11D3-BF4B-00C04F79EFBC}") = "DatabaseFirstApproach", "DatabaseFirstApproach\DatabaseFirstApproach.csproj", "{D2332D11-00C8-4070-9C6F-403ABAF3035B}"
EndProject
Global
	GlobalSection(SolutionConfigurationPlatforms) = preSolution
		Debug|Any CPU = Debug|Any CPU
		Release|Any CPU = Release|Any CPU
	EndGlobalSection
	GlobalSection(ProjectConfigurationPlatforms) = postSolution
		{C3E83253-4BF4-4252-9943-0470FC822E89}.Debug|Any CPU.ActiveCfg = Debug|Any CPU
		{C3E83253-4BF4-4252-9943-0470FC822E89}.Debug|Any CPU.Build.0 = Debug|Any CPU
		{C3E83253-4BF4-4252-9943-0470FC822E89}.Release|Any CPU.ActiveCfg = Release|Any CPU
		{C3E83253-4BF4-4252-9943-0470FC822E89}.Release|Any CPU.Build.0 = Release|Any CPU
		{93A04601-3BC6-4E7E-BA33-2222A9EA875C}.Debug|Any CPU.ActiveCfg = Debug|Any CPU
		{93A04601-3BC6-4E7E-BA33-2222A9EA875C}.Debug|Any CPU.Build.0 = Debug|Any CPU
		{93A04601-3BC6-4E7E-BA33-2222A9EA875C}.Release|Any CPU.ActiveCfg = Release|Any CPU
		{93A04601-3BC6-4E7E-BA33-2222A9EA875C}.Release|Any CPU.Build.0 = Release|Any CPU
		{D2332D11-00C8-4070-9C6F-403ABAF3035B}.Debug|Any CPU.ActiveCfg = Debug|Any CPU
		{D2332D11-00C8-4070-9C6F-403ABAF3035B}.Debug|Any CPU.Build.0 = Debug|Any CPU
		{D2332D11-00C8-4070-9C6F-403ABAF3035B}.Release|Any CPU.ActiveCfg = Release|Any CPU
		{D2332D11-00C8-4070-9C6F-403ABAF3035B}.Release|Any CPU.Build.0 = Release|Any CPU
	EndGlobalSection
	GlobalSection(SolutionProperties) = preSolution
		HideSolutionNode = FALSE
	EndGlobalSection
EndGlobal
